{
    "_meta": {
        "hash": {
            "sha256": "e2600c8efcd8df2bfd3df62704a84a97079c015cf7547bc5cfc284ec88404385"
        },
        "pipfile-spec": 6,
        "requires": {},
        "sources": [
            {
                "name": "pypi",
                "url": "https://pypi.org/simple",
                "verify_ssl": true
            }
        ]
    },
    "default": {
        "altgraph": {
            "hashes": [
                "sha256:1f05a47122542f97028caf78775a095fbe6a2699b5089de8477eb583167d69aa",
                "sha256:c623e5f3408ca61d4016f23a681b9adb100802ca3e3da5e718915a9e4052cebe"
            ],
            "version": "==0.17"
        },
        "argparse": {
            "hashes": [
                "sha256:62b089a55be1d8949cd2bc7e0df0bddb9e028faefc8c32038cc84862aefdd6e4",
                "sha256:c31647edb69fd3d465a847ea3157d37bed1f95f19760b11a47aa91c04b666314"
            ],
            "index": "pypi",
            "version": "==1.4.0"
        },
        "certifi": {
            "hashes": [
                "sha256:1a4995114262bffbc2413b159f2a1a480c969de6e6eb13ee966d470af86af59c",
                "sha256:719a74fb9e33b9bd44cc7f3a8d94bc35e4049deebe19ba7d8e108280cfd59830"
            ],
            "version": "==2020.12.5"
        },
        "chardet": {
            "hashes": [
                "sha256:0d6f53a15db4120f2b08c94f11e7d93d2c911ee118b6b30a04ec3ee8310179fa",
                "sha256:f864054d66fd9118f2e67044ac8981a54775ec5b67aed0441892edb553d21da5"
            ],
            "markers": "python_version >= '2.7' and python_version not in '3.0, 3.1, 3.2, 3.3, 3.4'",
            "version": "==4.0.0"
        },
        "configparser": {
            "hashes": [
                "sha256:85d5de102cfe6d14a5172676f09d19c465ce63d6019cf0a4ef13385fc535e828",
                "sha256:af59f2cdd7efbdd5d111c1976ecd0b82db9066653362f0962d7bf1d3ab89a1fa"
            ],
            "index": "pypi",
            "version": "==5.0.2"
        },
        "datetime": {
            "hashes": [
                "sha256:371dba07417b929a4fa685c2f7a3eaa6a62d60c02947831f97d4df9a9e70dfd0",
                "sha256:5cef605bab8259ff61281762cdf3290e459fbf0b4719951d5fab967d5f2ea0ea"
            ],
            "index": "pypi",
            "version": "==4.3"
        },
        "idna": {
            "hashes": [
                "sha256:b307872f855b18632ce0c21c5e45be78c0ea7ae4c15c828c20788b26921eb3f6",
                "sha256:b97d804b1e9b523befed77c48dacec60e6dcb0b5391d57af6a65a312a90648c0"
            ],
            "markers": "python_version >= '2.7' and python_version not in '3.0, 3.1, 3.2, 3.3'",
            "version": "==2.10"
        },
        "macholib": {
            "hashes": [
                "sha256:0c436bc847e7b1d9bda0560351bf76d7caf930fb585a828d13608839ef42c432",
                "sha256:c500f02867515e6c60a27875b408920d18332ddf96b4035ef03beddd782d4281"
            ],
            "markers": "sys_platform == 'darwin'",
            "version": "==1.14"
        },
        "pyinstaller": {
            "hashes": [
                "sha256:f5c0eeb2aa663cce9a5404292c0195011fa500a6501c873a466b2e8cad3c950c"
            ],
            "index": "pypi",
            "version": "==4.2"
        },
        "pyinstaller-hooks-contrib": {
            "hashes": [
                "sha256:27558072021857d89524c42136feaa2ffe4f003f1bdf0278f9b24f6902c1759c",
                "sha256:892310e6363655838485ee748bf1c5e5cade7963686d9af8650ee218a3e0b031"
            ],
            "version": "==2021.1"
        },
        "pytz": {
            "hashes": [
                "sha256:83a4a90894bf38e243cf052c8b58f381bfe9a7a483f6a9cab140bc7f702ac4da",
                "sha256:eb10ce3e7736052ed3623d49975ce333bcd712c7bb19a58b9e2089d4057d0798"
            ],
            "version": "==2021.1"
        },
        "requests": {
            "hashes": [
                "sha256:27973dd4a904a4f13b263a19c866c13b92a39ed1c964655f025f3f8d3d75b804",
                "sha256:c210084e36a42ae6b9219e00e48287def368a26d03a048ddad7bfee44f75871e"
            ],
            "index": "pypi",
            "version": "==2.25.1"
        },
        "urllib3": {
            "hashes": [
                "sha256:2f4da4594db7e1e110a944bb1b551fdf4e6c136ad42e4234131391e21eb5b0df",
                "sha256:e7b021f7241115872f92f43c6508082facffbd1c048e3c6e2bb9c2a157e28937"
            ],
            "markers": "python_version >= '2.7' and python_version not in '3.0, 3.1, 3.2, 3.3, 3.4' and python_version < '4'",
            "version": "==1.26.4"
        },
        "zope.interface": {
            "hashes": [
                "sha256:02d3535aa18e34ce97c58d241120b7554f7d1cf4f8002fc9675cc7e7745d20e8",
                "sha256:0378a42ec284b65706d9ef867600a4a31701a0d6773434e6537cfc744e3343f4",
                "sha256:07d289358a8c565ea09e426590dd1179f93cf5ac3dd17d43fcc4fc63c1a9d275",
                "sha256:0e6cdbdd94ae94d1433ab51f46a76df0f2cd041747c31baec1c1ffa4e76bd0c1",
                "sha256:11354fb8b8bdc5cdd66358ed4f1f0ce739d78ff6d215d33b8f3ae282258c0f11",
                "sha256:12588a46ae0a99f172c4524cbbc3bb870f32e0f8405e9fa11a5ef3fa3a808ad7",
                "sha256:16caa44a06f6b0b2f7626ced4b193c1ae5d09c1b49c9b4962c93ae8aa2134f55",
                "sha256:18c478b89b6505756f007dcf76a67224a23dcf0f365427742ed0c0473099caa4",
                "sha256:221b41442cf4428fcda7fc958c9721c916709e2a3a9f584edd70f1493a09a762",
                "sha256:26109c50ccbcc10f651f76277cfc05fba8418a907daccc300c9247f24b3158a2",
                "sha256:28d8157f8c77662a1e0796a7d3cfa8910289131d4b4dd4e10b2686ab1309b67b",
                "sha256:2c51689b7b40c7d9c7e8a678350e73dc647945a13b4e416e7a02bbf0c37bdb01",
                "sha256:2ec58e1e1691dde4fbbd97f8610de0f8f1b1a38593653f7d3b8e931b9cd6d67f",
                "sha256:416feb6500f7b6fc00d32271f6b8495e67188cb5eb51fc8e289b81fdf465a9cb",
                "sha256:520352b18adea5478bbf387e9c77910a914985671fe36bc5ef19fdcb67a854bc",
                "sha256:527415b5ca201b4add44026f70278fbc0b942cf0801a26ca5527cb0389b6151e",
                "sha256:54243053316b5eec92affe43bbace7c8cd946bc0974a4aa39ff1371df0677b22",
                "sha256:61b8454190b9cc87279232b6de28dee0bad040df879064bb2f0e505cda907918",
                "sha256:672668729edcba0f2ee522ab177fcad91c81cfce991c24d8767765e2637d3515",
                "sha256:67aa26097e194947d29f2b5a123830e03da1519bcce10cac034a51fcdb99c34f",
                "sha256:6e7305e42b5f54e5ccf51820de46f0a7c951ba7cb9e3f519e908545b0f5628d0",
                "sha256:7234ac6782ca43617de803735949f79b894f0c5d353fbc001d745503c69e6d1d",
                "sha256:7426bea25bdf92f00fa52c7b30fcd2a2f71c21cf007178971b1f248b6c2d3145",
                "sha256:74b331c5d5efdddf5bbd9e1f7d8cb91a0d6b9c4ba45ca3e9003047a84dca1a3b",
                "sha256:79b6db1a18253db86e9bf1e99fa829d60fd3fc7ac04f4451c44e4bdcf6756a42",
                "sha256:7d79cd354ae0a033ac7b86a2889c9e8bb0bb48243a6ed27fc5064ce49b842ada",
                "sha256:823d1b4a6a028b8327e64865e2c81a8959ae9f4e7c9c8e0eec814f4f9b36b362",
                "sha256:8715717a5861932b7fe7f3cbd498c82ff4132763e2fea182cc95e53850394ec1",
                "sha256:89a6091f2d07936c8a96ce56f2000ecbef20fb420a94845e7d53913c558a6378",
                "sha256:8af4b3116e4a37059bc8c7fe36d4a73d7c1d8802a1d8b6e549f1380d13a40160",
                "sha256:8b4b0034e6c7f30133fa64a1cc276f8f1a155ef9529e7eb93a3c1728b40c0f5c",
                "sha256:92195df3913c1de80062635bf64cd7bd0d0934a7fa1689b6d287d1cbbd16922c",
                "sha256:96c2e68385f3848d58f19b2975a675532abdb65c8fa5f04d94b95b27b6b1ffa7",
                "sha256:9c7044dbbf8c58420a9ef4ed6901f5a8b7698d90cd984d7f57a18c78474686f6",
                "sha256:a1937efed7e3fe0ee74630e1960df887d8aa83c571e1cf4db9d15b9c181d457d",
                "sha256:a38c10423a475a1658e2cb8f52cf84ec20a4c0adff724dd43a6b45183f499bc1",
                "sha256:a413c424199bcbab71bf5fa7538246f27177fbd6dd74b2d9c5f34878658807f8",
                "sha256:b18a855f8504743e0a2d8b75d008c7720d44e4c76687e13f959e35d9a13eb397",
                "sha256:b4d59ab3608538e550a72cea13d3c209dd72b6e19e832688da7884081c01594e",
                "sha256:b51d3f1cd87f488455f43046d72003689024b0fa9b2d53635db7523033b19996",
                "sha256:c02105deda867d09cdd5088d08708f06d75759df6f83d8f7007b06f422908a30",
                "sha256:c7b6032dc4490b0dcaf078f09f5b382dc35493cb7f473840368bf0de3196c2b6",
                "sha256:c95b355dba2aaf5177dff943b25ded0529a7feb80021d5fdb114a99f0a1ef508",
                "sha256:c980ae87863d76b1ea9a073d6d95554b4135032d34bc541be50c07d4a085821b",
                "sha256:d12895cd083e35e9e032eb4b57645b91116f8979527381a8d864d1f6b8cb4a2e",
                "sha256:d3cd9bad547a8e5fbe712a1dc1413aff1b917e8d39a2cd1389a6f933b7a21460",
                "sha256:e8809b01f27f679e3023b9e2013051e0a3f17abff4228cb5197663afd8a0f2c7",
                "sha256:f3c37b0dc1898e305aad4f7a1d75f6da83036588c28a9ce0afc681ff5245a601",
                "sha256:f966765f54b536e791541458de84a737a6adba8467190f17a8fe7f85354ba908",
                "sha256:fa939c2e2468142c9773443d4038e7c915b0cc1b670d3c9192bdc503f7ea73e9",
                "sha256:fcc5c1f95102989d2e116ffc8467963554ce89f30a65a3ea86a4d06849c498d8"
            ],
            "markers": "python_version >= '2.7' and python_version not in '3.0, 3.1, 3.2, 3.3, 3.4'",
            "version": "==5.3.0"
        }
    },
    "develop": {
        "altgraph": {
            "hashes": [
                "sha256:1f05a47122542f97028caf78775a095fbe6a2699b5089de8477eb583167d69aa",
                "sha256:c623e5f3408ca61d4016f23a681b9adb100802ca3e3da5e718915a9e4052cebe"
            ],
            "version": "==0.17"
        },
        "macholib": {
            "hashes": [
                "sha256:0c436bc847e7b1d9bda0560351bf76d7caf930fb585a828d13608839ef42c432",
                "sha256:c500f02867515e6c60a27875b408920d18332ddf96b4035ef03beddd782d4281"
            ],
            "markers": "sys_platform == 'darwin'",
            "version": "==1.14"
        },
        "pyinstaller": {
            "hashes": [
                "sha256:f5c0eeb2aa663cce9a5404292c0195011fa500a6501c873a466b2e8cad3c950c"
            ],
            "index": "pypi",
            "version": "==4.2"
        },
        "pyinstaller-hooks-contrib": {
            "hashes": [
                "sha256:27558072021857d89524c42136feaa2ffe4f003f1bdf0278f9b24f6902c1759c",
                "sha256:892310e6363655838485ee748bf1c5e5cade7963686d9af8650ee218a3e0b031"
            ],
            "version": "==2021.1"
        }
    }
}
